
Microsoft Visual Studio Solution File, Format Version 12.00
# Visual Studio Version 16
VisualStudioVersion = 16.0.32002.261
MinimumVisualStudioVersion = 10.0.40219.1
Project("{8BC9CEB8-8B4A-11D0-8D11-00A0C91BC942}") = "part01", "part01\part01.vcxproj", "{F5830304-D9C0-4E2A-8964-DACC07E8191A}"
EndProject
Project("{8BC9CEB8-8B4A-11D0-8D11-00A0C91BC942}") = "part02", "part02\part02.vcxproj", "{BAA3A15B-0EF5-4FBA-AA3C-767811FCEF6C}"
EndProject
Project("{8BC9CEB8-8B4A-11D0-8D11-00A0C91BC942}") = "part03", "part03\part03.vcxproj", "{EAB7BB22-8FFB-4115-8ADA-86DF2A06DC36}"
EndProject
Project("{8BC9CEB8-8B4A-11D0-8D11-00A0C91BC942}") = "part04", "part04\part04.vcxproj", "{FEFFDA4E-F556-45F8-A8C3-3813AD898E37}"
EndProject
Project("{8BC9CEB8-8B4A-11D0-8D11-00A0C91BC942}") = "part05", "part05\part05.vcxproj", "{5D4538D9-D86F-4BE6-A5C8-2361C5D7039C}"
EndProject
Project("{8BC9CEB8-8B4A-11D0-8D11-00A0C91BC942}") = "dllCore", "dllCore\dllCore.vcxproj", "{EE187391-1146-4795-AF43-8EE5D0F019BF}"
EndProject
Project("{8BC9CEB8-8B4A-11D0-8D11-00A0C91BC942}") = "dllKc", "dllKc\dllKc.vcxproj", "{061D8FE7-85DC-46AD-ABCA-E9D9038289D7}"
EndProject
Project("{8BC9CEB8-8B4A-11D0-8D11-00A0C91BC942}") = "kmblack", "kmblack\kmblack.vcxproj", "{E4F1EF11-C4BF-43FD-AC98-FB588A85D70F}"
EndProject
Project("{8BC9CEB8-8B4A-11D0-8D11-00A0C91BC942}") = "UdpServer", "UdpServer\UdpServer.vcxproj", "{DBB2BD9C-04A6-4956-984F-5B5601FFA43A}"
	ProjectSection(ProjectDependencies) = postProject
		{E4F1EF11-C4BF-43FD-AC98-FB588A85D70F} = {E4F1EF11-C4BF-43FD-AC98-FB588A85D70F}
		{5192AE8F-E811-4C57-B16D-F4C16AB90386} = {5192AE8F-E811-4C57-B16D-F4C16AB90386}
	EndProjectSection
EndProject
Project("{8BC9CEB8-8B4A-11D0-8D11-00A0C91BC942}") = "part06", "part06\part06.vcxproj", "{CC80B1C9-169F-4999-92C8-B0BE092C5DD7}"
EndProject
Project("{8BC9CEB8-8B4A-11D0-8D11-00A0C91BC942}") = "part07", "part07\part07.vcxproj", "{8BD1A298-8B34-4081-9856-A486DB609AB8}"
EndProject
Project("{8BC9CEB8-8B4A-11D0-8D11-00A0C91BC942}") = "part08", "part08\part08.vcxproj", "{907F12E1-505D-4B0B-9AB0-F7013DF243BB}"
EndProject
Project("{8BC9CEB8-8B4A-11D0-8D11-00A0C91BC942}") = "part09", "part09\part09.vcxproj", "{683280A0-F350-45C8-8706-72D58AAB5AF5}"
EndProject
Project("{8BC9CEB8-8B4A-11D0-8D11-00A0C91BC942}") = "FiveFifty", "FiveFifty\FiveFifty.vcxproj", "{5192AE8F-E811-4C57-B16D-F4C16AB90386}"
	ProjectSection(ProjectDependencies) = postProject
		{E4F1EF11-C4BF-43FD-AC98-FB588A85D70F} = {E4F1EF11-C4BF-43FD-AC98-FB588A85D70F}
	EndProjectSection
EndProject
Project("{8BC9CEB8-8B4A-11D0-8D11-00A0C91BC942}") = "part10", "part10\part10.vcxproj", "{9C111712-7A2F-462D-B8B0-DDD0A067330F}"
EndProject
Project("{2150E333-8FDC-42A3-9474-1A3956D46DE8}") = "Solution Items", "Solution Items", "{EEDA1E4D-B13D-44AC-AFE1-7B6D253AE0E4}"
	ProjectSection(SolutionItems) = preProject
		Clear.md = Clear.md
		TextFile1.txt = TextFile1.txt
	EndProjectSection
EndProject
Project("{8BC9CEB8-8B4A-11D0-8D11-00A0C91BC942}") = "part11", "part11\part11.vcxproj", "{E5AFE7BB-7EC8-45CE-9E9A-25ABAFAF6340}"
EndProject
Project("{8BC9CEB8-8B4A-11D0-8D11-00A0C91BC942}") = "stack_dynamic_string_array", "stack_dynamic_string_array\stack_dynamic_string_array.vcxproj", "{766F662D-2D72-44A3-933B-EFB9B3C7C1ED}"
EndProject
Project("{8BC9CEB8-8B4A-11D0-8D11-00A0C91BC942}") = "part12", "part12\part12.vcxproj", "{786AD24C-245C-4B82-92B1-6E1F72C88F80}"
EndProject
Global
	GlobalSection(SolutionConfigurationPlatforms) = preSolution
		Debug|x64 = Debug|x64
		Debug|x86 = Debug|x86
		Release|x64 = Release|x64
		Release|x86 = Release|x86
	EndGlobalSection
	GlobalSection(ProjectConfigurationPlatforms) = postSolution
		{F5830304-D9C0-4E2A-8964-DACC07E8191A}.Debug|x64.ActiveCfg = Debug|x64
		{F5830304-D9C0-4E2A-8964-DACC07E8191A}.Debug|x64.Build.0 = Debug|x64
		{F5830304-D9C0-4E2A-8964-DACC07E8191A}.Debug|x86.ActiveCfg = Debug|Win32
		{F5830304-D9C0-4E2A-8964-DACC07E8191A}.Debug|x86.Build.0 = Debug|Win32
		{F5830304-D9C0-4E2A-8964-DACC07E8191A}.Release|x64.ActiveCfg = Release|x64
		{F5830304-D9C0-4E2A-8964-DACC07E8191A}.Release|x64.Build.0 = Release|x64
		{F5830304-D9C0-4E2A-8964-DACC07E8191A}.Release|x86.ActiveCfg = Release|Win32
		{F5830304-D9C0-4E2A-8964-DACC07E8191A}.Release|x86.Build.0 = Release|Win32
		{BAA3A15B-0EF5-4FBA-AA3C-767811FCEF6C}.Debug|x64.ActiveCfg = Debug|x64
		{BAA3A15B-0EF5-4FBA-AA3C-767811FCEF6C}.Debug|x64.Build.0 = Debug|x64
		{BAA3A15B-0EF5-4FBA-AA3C-767811FCEF6C}.Debug|x86.ActiveCfg = Debug|Win32
		{BAA3A15B-0EF5-4FBA-AA3C-767811FCEF6C}.Debug|x86.Build.0 = Debug|Win32
		{BAA3A15B-0EF5-4FBA-AA3C-767811FCEF6C}.Release|x64.ActiveCfg = Release|x64
		{BAA3A15B-0EF5-4FBA-AA3C-767811FCEF6C}.Release|x64.Build.0 = Release|x64
		{BAA3A15B-0EF5-4FBA-AA3C-767811FCEF6C}.Release|x86.ActiveCfg = Release|Win32
		{BAA3A15B-0EF5-4FBA-AA3C-767811FCEF6C}.Release|x86.Build.0 = Release|Win32
		{EAB7BB22-8FFB-4115-8ADA-86DF2A06DC36}.Debug|x64.ActiveCfg = Debug|x64
		{EAB7BB22-8FFB-4115-8ADA-86DF2A06DC36}.Debug|x64.Build.0 = Debug|x64
		{EAB7BB22-8FFB-4115-8ADA-86DF2A06DC36}.Debug|x86.ActiveCfg = Debug|Win32
		{EAB7BB22-8FFB-4115-8ADA-86DF2A06DC36}.Debug|x86.Build.0 = Debug|Win32
		{EAB7BB22-8FFB-4115-8ADA-86DF2A06DC36}.Release|x64.ActiveCfg = Release|x64
		{EAB7BB22-8FFB-4115-8ADA-86DF2A06DC36}.Release|x64.Build.0 = Release|x64
		{EAB7BB22-8FFB-4115-8ADA-86DF2A06DC36}.Release|x86.ActiveCfg = Release|Win32
		{EAB7BB22-8FFB-4115-8ADA-86DF2A06DC36}.Release|x86.Build.0 = Release|Win32
		{FEFFDA4E-F556-45F8-A8C3-3813AD898E37}.Debug|x64.ActiveCfg = Debug|x64
		{FEFFDA4E-F556-45F8-A8C3-3813AD898E37}.Debug|x64.Build.0 = Debug|x64
		{FEFFDA4E-F556-45F8-A8C3-3813AD898E37}.Debug|x86.ActiveCfg = Debug|Win32
		{FEFFDA4E-F556-45F8-A8C3-3813AD898E37}.Debug|x86.Build.0 = Debug|Win32
		{FEFFDA4E-F556-45F8-A8C3-3813AD898E37}.Release|x64.ActiveCfg = Release|x64
		{FEFFDA4E-F556-45F8-A8C3-3813AD898E37}.Release|x64.Build.0 = Release|x64
		{FEFFDA4E-F556-45F8-A8C3-3813AD898E37}.Release|x86.ActiveCfg = Release|Win32
		{FEFFDA4E-F556-45F8-A8C3-3813AD898E37}.Release|x86.Build.0 = Release|Win32
		{5D4538D9-D86F-4BE6-A5C8-2361C5D7039C}.Debug|x64.ActiveCfg = Debug|x64
		{5D4538D9-D86F-4BE6-A5C8-2361C5D7039C}.Debug|x64.Build.0 = Debug|x64
		{5D4538D9-D86F-4BE6-A5C8-2361C5D7039C}.Debug|x86.ActiveCfg = Debug|Win32
		{5D4538D9-D86F-4BE6-A5C8-2361C5D7039C}.Debug|x86.Build.0 = Debug|Win32
		{5D4538D9-D86F-4BE6-A5C8-2361C5D7039C}.Release|x64.ActiveCfg = Release|x64
		{5D4538D9-D86F-4BE6-A5C8-2361C5D7039C}.Release|x64.Build.0 = Release|x64
		{5D4538D9-D86F-4BE6-A5C8-2361C5D7039C}.Release|x86.ActiveCfg = Release|Win32
		{5D4538D9-D86F-4BE6-A5C8-2361C5D7039C}.Release|x86.Build.0 = Release|Win32
		{EE187391-1146-4795-AF43-8EE5D0F019BF}.Debug|x64.ActiveCfg = Debug|x64
		{EE187391-1146-4795-AF43-8EE5D0F019BF}.Debug|x64.Build.0 = Debug|x64
		{EE187391-1146-4795-AF43-8EE5D0F019BF}.Debug|x86.ActiveCfg = Debug|Win32
		{EE187391-1146-4795-AF43-8EE5D0F019BF}.Debug|x86.Build.0 = Debug|Win32
		{EE187391-1146-4795-AF43-8EE5D0F019BF}.Release|x64.ActiveCfg = Release|x64
		{EE187391-1146-4795-AF43-8EE5D0F019BF}.Release|x64.Build.0 = Release|x64
		{EE187391-1146-4795-AF43-8EE5D0F019BF}.Release|x86.ActiveCfg = Release|Win32
		{EE187391-1146-4795-AF43-8EE5D0F019BF}.Release|x86.Build.0 = Release|Win32
		{061D8FE7-85DC-46AD-ABCA-E9D9038289D7}.Debug|x64.ActiveCfg = Debug|x64
		{061D8FE7-85DC-46AD-ABCA-E9D9038289D7}.Debug|x64.Build.0 = Debug|x64
		{061D8FE7-85DC-46AD-ABCA-E9D9038289D7}.Debug|x86.ActiveCfg = Debug|Win32
		{061D8FE7-85DC-46AD-ABCA-E9D9038289D7}.Debug|x86.Build.0 = Debug|Win32
		{061D8FE7-85DC-46AD-ABCA-E9D9038289D7}.Release|x64.ActiveCfg = Release|x64
		{061D8FE7-85DC-46AD-ABCA-E9D9038289D7}.Release|x64.Build.0 = Release|x64
		{061D8FE7-85DC-46AD-ABCA-E9D9038289D7}.Release|x86.ActiveCfg = Release|Win32
		{061D8FE7-85DC-46AD-ABCA-E9D9038289D7}.Release|x86.Build.0 = Release|Win32
		{E4F1EF11-C4BF-43FD-AC98-FB588A85D70F}.Debug|x64.ActiveCfg = Debug|x64
		{E4F1EF11-C4BF-43FD-AC98-FB588A85D70F}.Debug|x64.Build.0 = Debug|x64
		{E4F1EF11-C4BF-43FD-AC98-FB588A85D70F}.Debug|x86.ActiveCfg = Debug|Win32
		{E4F1EF11-C4BF-43FD-AC98-FB588A85D70F}.Debug|x86.Build.0 = Debug|Win32
		{E4F1EF11-C4BF-43FD-AC98-FB588A85D70F}.Release|x64.ActiveCfg = Release|x64
		{E4F1EF11-C4BF-43FD-AC98-FB588A85D70F}.Release|x64.Build.0 = Release|x64
		{E4F1EF11-C4BF-43FD-AC98-FB588A85D70F}.Release|x86.ActiveCfg = Release|Win32
		{E4F1EF11-C4BF-43FD-AC98-FB588A85D70F}.Release|x86.Build.0 = Release|Win32
		{DBB2BD9C-04A6-4956-984F-5B5601FFA43A}.Debug|x64.ActiveCfg = Debug|x64
		{DBB2BD9C-04A6-4956-984F-5B5601FFA43A}.Debug|x64.Build.0 = Debug|x64
		{DBB2BD9C-04A6-4956-984F-5B5601FFA43A}.Debug|x86.ActiveCfg = Debug|Win32
		{DBB2BD9C-04A6-4956-984F-5B5601FFA43A}.Debug|x86.Build.0 = Debug|Win32
		{DBB2BD9C-04A6-4956-984F-5B5601FFA43A}.Release|x64.ActiveCfg = Release|x64
		{DBB2BD9C-04A6-4956-984F-5B5601FFA43A}.Release|x64.Build.0 = Release|x64
		{DBB2BD9C-04A6-4956-984F-5B5601FFA43A}.Release|x86.ActiveCfg = Release|Win32
		{DBB2BD9C-04A6-4956-984F-5B5601FFA43A}.Release|x86.Build.0 = Release|Win32
		{CC80B1C9-169F-4999-92C8-B0BE092C5DD7}.Debug|x64.ActiveCfg = Debug|x64
		{CC80B1C9-169F-4999-92C8-B0BE092C5DD7}.Debug|x64.Build.0 = Debug|x64
		{CC80B1C9-169F-4999-92C8-B0BE092C5DD7}.Debug|x86.ActiveCfg = Debug|Win32
		{CC80B1C9-169F-4999-92C8-B0BE092C5DD7}.Debug|x86.Build.0 = Debug|Win32
		{CC80B1C9-169F-4999-92C8-B0BE092C5DD7}.Release|x64.ActiveCfg = Release|x64
		{CC80B1C9-169F-4999-92C8-B0BE092C5DD7}.Release|x64.Build.0 = Release|x64
		{CC80B1C9-169F-4999-92C8-B0BE092C5DD7}.Release|x86.ActiveCfg = Release|Win32
		{CC80B1C9-169F-4999-92C8-B0BE092C5DD7}.Release|x86.Build.0 = Release|Win32
		{8BD1A298-8B34-4081-9856-A486DB609AB8}.Debug|x64.ActiveCfg = Debug|x64
		{8BD1A298-8B34-4081-9856-A486DB609AB8}.Debug|x64.Build.0 = Debug|x64
		{8BD1A298-8B34-4081-9856-A486DB609AB8}.Debug|x86.ActiveCfg = Debug|Win32
		{8BD1A298-8B34-4081-9856-A486DB609AB8}.Debug|x86.Build.0 = Debug|Win32
		{8BD1A298-8B34-4081-9856-A486DB609AB8}.Release|x64.ActiveCfg = Release|x64
		{8BD1A298-8B34-4081-9856-A486DB609AB8}.Release|x64.Build.0 = Release|x64
		{8BD1A298-8B34-4081-9856-A486DB609AB8}.Release|x86.ActiveCfg = Release|Win32
		{8BD1A298-8B34-4081-9856-A486DB609AB8}.Release|x86.Build.0 = Release|Win32
		{907F12E1-505D-4B0B-9AB0-F7013DF243BB}.Debug|x64.ActiveCfg = Debug|x64
		{907F12E1-505D-4B0B-9AB0-F7013DF243BB}.Debug|x64.Build.0 = Debug|x64
		{907F12E1-505D-4B0B-9AB0-F7013DF243BB}.Debug|x86.ActiveCfg = Debug|Win32
		{907F12E1-505D-4B0B-9AB0-F7013DF243BB}.Debug|x86.Build.0 = Debug|Win32
		{907F12E1-505D-4B0B-9AB0-F7013DF243BB}.Release|x64.ActiveCfg = Release|x64
		{907F12E1-505D-4B0B-9AB0-F7013DF243BB}.Release|x64.Build.0 = Release|x64
		{907F12E1-505D-4B0B-9AB0-F7013DF243BB}.Release|x86.ActiveCfg = Release|Win32
		{907F12E1-505D-4B0B-9AB0-F7013DF243BB}.Release|x86.Build.0 = Release|Win32
		{683280A0-F350-45C8-8706-72D58AAB5AF5}.Debug|x64.ActiveCfg = Debug|x64
		{683280A0-F350-45C8-8706-72D58AAB5AF5}.Debug|x64.Build.0 = Debug|x64
		{683280A0-F350-45C8-8706-72D58AAB5AF5}.Debug|x86.ActiveCfg = Debug|Win32
		{683280A0-F350-45C8-8706-72D58AAB5AF5}.Debug|x86.Build.0 = Debug|Win32
		{683280A0-F350-45C8-8706-72D58AAB5AF5}.Release|x64.ActiveCfg = Release|x64
		{683280A0-F350-45C8-8706-72D58AAB5AF5}.Release|x64.Build.0 = Release|x64
		{683280A0-F350-45C8-8706-72D58AAB5AF5}.Release|x86.ActiveCfg = Release|Win32
		{683280A0-F350-45C8-8706-72D58AAB5AF5}.Release|x86.Build.0 = Release|Win32
		{5192AE8F-E811-4C57-B16D-F4C16AB90386}.Debug|x64.ActiveCfg = Debug|x64
		{5192AE8F-E811-4C57-B16D-F4C16AB90386}.Debug|x64.Build.0 = Debug|x64
		{5192AE8F-E811-4C57-B16D-F4C16AB90386}.Debug|x86.ActiveCfg = Debug|Win32
		{5192AE8F-E811-4C57-B16D-F4C16AB90386}.Debug|x86.Build.0 = Debug|Win32
		{5192AE8F-E811-4C57-B16D-F4C16AB90386}.Release|x64.ActiveCfg = Release|x64
		{5192AE8F-E811-4C57-B16D-F4C16AB90386}.Release|x64.Build.0 = Release|x64
		{5192AE8F-E811-4C57-B16D-F4C16AB90386}.Release|x86.ActiveCfg = Release|Win32
		{5192AE8F-E811-4C57-B16D-F4C16AB90386}.Release|x86.Build.0 = Release|Win32
		{9C111712-7A2F-462D-B8B0-DDD0A067330F}.Debug|x64.ActiveCfg = Debug|x64
		{9C111712-7A2F-462D-B8B0-DDD0A067330F}.Debug|x64.Build.0 = Debug|x64
		{9C111712-7A2F-462D-B8B0-DDD0A067330F}.Debug|x86.ActiveCfg = Debug|Win32
		{9C111712-7A2F-462D-B8B0-DDD0A067330F}.Debug|x86.Build.0 = Debug|Win32
		{9C111712-7A2F-462D-B8B0-DDD0A067330F}.Release|x64.ActiveCfg = Release|x64
		{9C111712-7A2F-462D-B8B0-DDD0A067330F}.Release|x64.Build.0 = Release|x64
		{9C111712-7A2F-462D-B8B0-DDD0A067330F}.Release|x86.ActiveCfg = Release|Win32
		{9C111712-7A2F-462D-B8B0-DDD0A067330F}.Release|x86.Build.0 = Release|Win32
		{E5AFE7BB-7EC8-45CE-9E9A-25ABAFAF6340}.Debug|x64.ActiveCfg = Debug|x64
		{E5AFE7BB-7EC8-45CE-9E9A-25ABAFAF6340}.Debug|x64.Build.0 = Debug|x64
		{E5AFE7BB-7EC8-45CE-9E9A-25ABAFAF6340}.Debug|x86.ActiveCfg = Debug|Win32
		{E5AFE7BB-7EC8-45CE-9E9A-25ABAFAF6340}.Debug|x86.Build.0 = Debug|Win32
		{E5AFE7BB-7EC8-45CE-9E9A-25ABAFAF6340}.Release|x64.ActiveCfg = Release|x64
		{E5AFE7BB-7EC8-45CE-9E9A-25ABAFAF6340}.Release|x64.Build.0 = Release|x64
		{E5AFE7BB-7EC8-45CE-9E9A-25ABAFAF6340}.Release|x86.ActiveCfg = Release|Win32
		{E5AFE7BB-7EC8-45CE-9E9A-25ABAFAF6340}.Release|x86.Build.0 = Release|Win32
		{766F662D-2D72-44A3-933B-EFB9B3C7C1ED}.Debug|x64.ActiveCfg = Debug|x64
		{766F662D-2D72-44A3-933B-EFB9B3C7C1ED}.Debug|x64.Build.0 = Debug|x64
		{766F662D-2D72-44A3-933B-EFB9B3C7C1ED}.Debug|x86.ActiveCfg = Debug|Win32
		{766F662D-2D72-44A3-933B-EFB9B3C7C1ED}.Debug|x86.Build.0 = Debug|Win32
		{766F662D-2D72-44A3-933B-EFB9B3C7C1ED}.Release|x64.ActiveCfg = Release|x64
		{766F662D-2D72-44A3-933B-EFB9B3C7C1ED}.Release|x64.Build.0 = Release|x64
		{766F662D-2D72-44A3-933B-EFB9B3C7C1ED}.Release|x86.ActiveCfg = Release|Win32
		{766F662D-2D72-44A3-933B-EFB9B3C7C1ED}.Release|x86.Build.0 = Release|Win32
		{786AD24C-245C-4B82-92B1-6E1F72C88F80}.Debug|x64.ActiveCfg = Debug|x64
		{786AD24C-245C-4B82-92B1-6E1F72C88F80}.Debug|x64.Build.0 = Debug|x64
		{786AD24C-245C-4B82-92B1-6E1F72C88F80}.Debug|x86.ActiveCfg = Debug|Win32
		{786AD24C-245C-4B82-92B1-6E1F72C88F80}.Debug|x86.Build.0 = Debug|Win32
		{786AD24C-245C-4B82-92B1-6E1F72C88F80}.Release|x64.ActiveCfg = Release|x64
		{786AD24C-245C-4B82-92B1-6E1F72C88F80}.Release|x64.Build.0 = Release|x64
		{786AD24C-245C-4B82-92B1-6E1F72C88F80}.Release|x86.ActiveCfg = Release|Win32
		{786AD24C-245C-4B82-92B1-6E1F72C88F80}.Release|x86.Build.0 = Release|Win32
	EndGlobalSection
	GlobalSection(SolutionProperties) = preSolution
		HideSolutionNode = FALSE
	EndGlobalSection
	GlobalSection(ExtensibilityGlobals) = postSolution
		SolutionGuid = {026A7049-2B54-4C7D-91BF-FAA2E68892E9}
	EndGlobalSection
EndGlobal
