<?xml version="1.0" encoding="utf-8"?>
<Project ToolsVersion="4.0" xmlns="http://schemas.microsoft.com/developer/msbuild/2003">
  <ItemGroup>
    <Filter Include="源文件">
      <UniqueIdentifier>{4FC737F1-C7A5-4376-A066-2A32D752A2FF}</UniqueIdentifier>
      <Extensions>cpp;c;cc;cxx;c++;cppm;ixx;def;odl;idl;hpj;bat;asm;asmx</Extensions>
    </Filter>
    <Filter Include="头文件">
      <UniqueIdentifier>{93995380-89BD-4b04-88EB-625FBE52EBFB}</UniqueIdentifier>
      <Extensions>h;hh;hpp;hxx;h++;hm;inl;inc;ipp;xsd</Extensions>
    </Filter>
    <Filter Include="资源文件">
      <UniqueIdentifier>{67DA6AB6-F800-4c08-8B7A-83BB121AAD01}</UniqueIdentifier>
      <Extensions>rc;ico;cur;bmp;dlg;rc2;rct;bin;rgs;gif;jpg;jpeg;jpe;resx;tiff;tif;png;wav;mfcribbon-ms</Extensions>
    </Filter>
  </ItemGroup>
  <ItemGroup>
    <Text Include="CMakeLists.txt" />
  </ItemGroup>
  <ItemGroup>
    <None Include="ReadMe.md" />
  </ItemGroup>
  <ItemGroup>
    <ClCompile Include="base64.c">
      <Filter>源文件</Filter>
    </ClCompile>
    <ClCompile Include="stringbuffer.c">
      <Filter>源文件</Filter>
    </ClCompile>
    <ClCompile Include="KcVld.c">
      <Filter>源文件</Filter>
    </ClCompile>
    <ClCompile Include="KcString.c">
      <Filter>源文件</Filter>
    </ClCompile>
    <ClCompile Include="KcDateTime.c">
      <Filter>源文件</Filter>
    </ClCompile>
    <ClCompile Include="KcIpV4.c">
      <Filter>源文件</Filter>
    </ClCompile>
    <ClCompile Include="KcJson.c">
      <Filter>源文件</Filter>
    </ClCompile>
    <ClCompile Include="KcLog.c">
      <Filter>源文件</Filter>
    </ClCompile>
    <ClCompile Include="KcCrc.c">
      <Filter>源文件</Filter>
    </ClCompile>
    <ClCompile Include="KcUdp.c">
      <Filter>源文件</Filter>
    </ClCompile>
  </ItemGroup>
  <ItemGroup>
    <ClInclude Include="base64.h">
      <Filter>头文件</Filter>
    </ClInclude>
    <ClInclude Include="instr_time.h">
      <Filter>头文件</Filter>
    </ClInclude>
    <ClInclude Include="pg_bswap.h">
      <Filter>头文件</Filter>
    </ClInclude>
    <ClInclude Include="stringbuffer.h">
      <Filter>头文件</Filter>
    </ClInclude>
    <ClInclude Include="KcCore.h">
      <Filter>头文件</Filter>
    </ClInclude>
    <ClInclude Include="KcUtility.h">
      <Filter>头文件</Filter>
    </ClInclude>
    <ClInclude Include="KcShared.h">
      <Filter>头文件</Filter>
    </ClInclude>
    <ClInclude Include="KcStdio.h">
      <Filter>头文件</Filter>
    </ClInclude>
    <ClInclude Include="KcIpV4.h">
      <Filter>头文件</Filter>
    </ClInclude>
  </ItemGroup>
</Project>